{
  "requires": true,
  "lockfileVersion": 1,
  "dependencies": {
    "joi-objectid": {
      "version": "3.0.1",
      "resolved": "https://registry.npmjs.org/joi-objectid/-/joi-objectid-3.0.1.tgz",
      "integrity": "sha512-V/3hbTlGpvJ03Me6DJbdBI08hBTasFOmipsauOsxOSnsF1blxV537WTl1zPwbfcKle4AK0Ma4OPnzMH4LlvTpQ=="
    }
  }
}
